
Microsoft Visual Studio Solution File, Format Version 12.00
# Visual Studio Version 17
VisualStudioVersion = 17.8.34511.84
MinimumVisualStudioVersion = 10.0.40219.1
Project("{9A19103F-16F7-4668-BE54-9A1E7A4F7556}") = "CloudPictureViewer", "CloudPictureViewer\CloudPictureViewer.csproj", "{14BA282D-6AC7-4016-8CC3-574BD586F573}"
EndProject
Project("{9A19103F-16F7-4668-BE54-9A1E7A4F7556}") = "CloudPictureViewer.Desktop", "CloudPictureViewer.Desktop\CloudPictureViewer.Desktop.csproj", "{413D58E5-6EFF-4A36-A8B6-E0AF408EE98E}"
EndProject
Global
	GlobalSection(SolutionConfigurationPlatforms) = preSolution
		Debug|Any CPU = Debug|Any CPU
		Release|Any CPU = Release|Any CPU
	EndGlobalSection
	GlobalSection(ProjectConfigurationPlatforms) = postSolution
		{14BA282D-6AC7-4016-8CC3-574BD586F573}.Debug|Any CPU.ActiveCfg = Debug|Any CPU
		{14BA282D-6AC7-4016-8CC3-574BD586F573}.Debug|Any CPU.Build.0 = Debug|Any CPU
		{14BA282D-6AC7-4016-8CC3-574BD586F573}.Release|Any CPU.ActiveCfg = Release|Any CPU
		{14BA282D-6AC7-4016-8CC3-574BD586F573}.Release|Any CPU.Build.0 = Release|Any CPU
		{413D58E5-6EFF-4A36-A8B6-E0AF408EE98E}.Debug|Any CPU.ActiveCfg = Debug|Any CPU
		{413D58E5-6EFF-4A36-A8B6-E0AF408EE98E}.Debug|Any CPU.Build.0 = Debug|Any CPU
		{413D58E5-6EFF-4A36-A8B6-E0AF408EE98E}.Release|Any CPU.ActiveCfg = Release|Any CPU
		{413D58E5-6EFF-4A36-A8B6-E0AF408EE98E}.Release|Any CPU.Build.0 = Release|Any CPU
	EndGlobalSection
	GlobalSection(SolutionProperties) = preSolution
		HideSolutionNode = FALSE
	EndGlobalSection
	GlobalSection(ExtensibilityGlobals) = postSolution
		SolutionGuid = {4FE16652-D371-4B05-8908-D92005B1ADD7}
	EndGlobalSection
EndGlobal
